// !$*UTF8*$!
{
	archiveVersion = 1;
	classes = {
	};
	objectVersion = 56;
	objects = {

/* Begin PBXBuildFile section */
		495A46362C4EA05C0028903A /* s21_graph.swift in Sources */ = {isa = PBXBuildFile; fileRef = 495A46352C4EA05C0028903A /* s21_graph.swift */; };
		495A46382C50DD3F0028903A /* s21_graphValidator.swift in Sources */ = {isa = PBXBuildFile; fileRef = 495A46372C50DD3F0028903A /* s21_graphValidator.swift */; };
		495A464A2C50DEED0028903A /* s21_graph_tests.swift in Sources */ = {isa = PBXBuildFile; fileRef = 495A46492C50DEED0028903A /* s21_graph_tests.swift */; };
		495A464B2C50DEED0028903A /* libs21_graph.a in Frameworks */ = {isa = PBXBuildFile; fileRef = 495A46292C4EA0410028903A /* libs21_graph.a */; };
/* End PBXBuildFile section */

/* Begin PBXContainerItemProxy section */
		495A464C2C50DEED0028903A /* PBXContainerItemProxy */ = {
			isa = PBXContainerItemProxy;
			containerPortal = 495A46212C4EA0410028903A /* Project object */;
			proxyType = 1;
			remoteGlobalIDString = 495A46282C4EA0410028903A;
			remoteInfo = s21_graph;
		};
/* End PBXContainerItemProxy section */

/* Begin PBXFileReference section */
		495A46292C4EA0410028903A /* libs21_graph.a */ = {isa = PBXFileReference; explicitFileType = archive.ar; includeInIndex = 0; path = libs21_graph.a; sourceTree = BUILT_PRODUCTS_DIR; };
		495A46352C4EA05C0028903A /* s21_graph.swift */ = {isa = PBXFileReference; lastKnownFileType = sourcecode.swift; path = s21_graph.swift; sourceTree = "<group>"; };
		495A46372C50DD3F0028903A /* s21_graphValidator.swift */ = {isa = PBXFileReference; lastKnownFileType = sourcecode.swift; path = s21_graphValidator.swift; sourceTree = "<group>"; };
		495A46472C50DEED0028903A /* s21_graph_tests.xctest */ = {isa = PBXFileReference; explicitFileType = wrapper.cfbundle; includeInIndex = 0; path = s21_graph_tests.xctest; sourceTree = BUILT_PRODUCTS_DIR; };
		495A46492C50DEED0028903A /* s21_graph_tests.swift */ = {isa = PBXFileReference; lastKnownFileType = sourcecode.swift; path = s21_graph_tests.swift; sourceTree = "<group>"; };
/* End PBXFileReference section */

/* Begin PBXFrameworksBuildPhase section */
		495A46272C4EA0410028903A /* Frameworks */ = {
			isa = PBXFrameworksBuildPhase;
			buildActionMask = 2147483647;
			files = (
			);
			runOnlyForDeploymentPostprocessing = 0;
		};
		495A46442C50DEED0028903A /* Frameworks */ = {
			isa = PBXFrameworksBuildPhase;
			buildActionMask = 2147483647;
			files = (
				495A464B2C50DEED0028903A /* libs21_graph.a in Frameworks */,
			);
			runOnlyForDeploymentPostprocessing = 0;
		};
/* End PBXFrameworksBuildPhase section */

/* Begin PBXGroup section */
		495A46202C4EA0410028903A = {
			isa = PBXGroup;
			children = (
				495A462B2C4EA0410028903A /* s21_graph */,
				495A46482C50DEED0028903A /* s21_graph_tests */,
				495A462A2C4EA0410028903A /* Products */,
			);
			sourceTree = "<group>";
		};
		495A462A2C4EA0410028903A /* Products */ = {
			isa = PBXGroup;
			children = (
				495A46292C4EA0410028903A /* libs21_graph.a */,
				495A46472C50DEED0028903A /* s21_graph_tests.xctest */,
			);
			name = Products;
			sourceTree = "<group>";
		};
		495A462B2C4EA0410028903A /* s21_graph */ = {
			isa = PBXGroup;
			children = (
				495A46352C4EA05C0028903A /* s21_graph.swift */,
				495A46372C50DD3F0028903A /* s21_graphValidator.swift */,
			);
			path = s21_graph;
			sourceTree = "<group>";
		};
		495A46482C50DEED0028903A /* s21_graph_tests */ = {
			isa = PBXGroup;
			children = (
				495A46492C50DEED0028903A /* s21_graph_tests.swift */,
			);
			path = s21_graph_tests;
			sourceTree = "<group>";
		};
/* End PBXGroup section */

/* Begin PBXHeadersBuildPhase section */
		495A46252C4EA0410028903A /* Headers */ = {
			isa = PBXHeadersBuildPhase;
			buildActionMask = 2147483647;
			files = (
			);
			runOnlyForDeploymentPostprocessing = 0;
		};
/* End PBXHeadersBuildPhase section */

/* Begin PBXNativeTarget section */
		495A46282C4EA0410028903A /* s21_graph */ = {
			isa = PBXNativeTarget;
			buildConfigurationList = 495A46322C4EA0410028903A /* Build configuration list for PBXNativeTarget "s21_graph" */;
			buildPhases = (
				495A46252C4EA0410028903A /* Headers */,
				495A46262C4EA0410028903A /* Sources */,
				495A46272C4EA0410028903A /* Frameworks */,
			);
			buildRules = (
			);
			dependencies = (
			);
			name = s21_graph;
			productName = s21_graph;
			productReference = 495A46292C4EA0410028903A /* libs21_graph.a */;
			productType = "com.apple.product-type.library.static";
		};
		495A46462C50DEED0028903A /* s21_graph_tests */ = {
			isa = PBXNativeTarget;
			buildConfigurationList = 495A46502C50DEED0028903A /* Build configuration list for PBXNativeTarget "s21_graph_tests" */;
			buildPhases = (
				495A46432C50DEED0028903A /* Sources */,
				495A46442C50DEED0028903A /* Frameworks */,
				495A46452C50DEED0028903A /* Resources */,
			);
			buildRules = (
			);
			dependencies = (
				495A464D2C50DEED0028903A /* PBXTargetDependency */,
			);
			name = s21_graph_tests;
			productName = s21_graph_tests;
			productReference = 495A46472C50DEED0028903A /* s21_graph_tests.xctest */;
			productType = "com.apple.product-type.bundle.unit-test";
		};
/* End PBXNativeTarget section */

/* Begin PBXProject section */
		495A46212C4EA0410028903A /* Project object */ = {
			isa = PBXProject;
			attributes = {
				BuildIndependentTargetsInParallel = 1;
				LastSwiftUpdateCheck = 1540;
				LastUpgradeCheck = 1540;
				TargetAttributes = {
					495A46282C4EA0410028903A = {
						CreatedOnToolsVersion = 15.4;
						LastSwiftMigration = 1540;
					};
					495A46462C50DEED0028903A = {
						CreatedOnToolsVersion = 15.4;
					};
				};
			};
			buildConfigurationList = 495A46242C4EA0410028903A /* Build configuration list for PBXProject "s21_graph" */;
			compatibilityVersion = "Xcode 14.0";
			developmentRegion = en;
			hasScannedForEncodings = 0;
			knownRegions = (
				en,
				Base,
			);
			mainGroup = 495A46202C4EA0410028903A;
			productRefGroup = 495A462A2C4EA0410028903A /* Products */;
			projectDirPath = "";
			projectRoot = "";
			targets = (
				495A46282C4EA0410028903A /* s21_graph */,
				495A46462C50DEED0028903A /* s21_graph_tests */,
			);
		};
/* End PBXProject section */

/* Begin PBXResourcesBuildPhase section */
		495A46452C50DEED0028903A /* Resources */ = {
			isa = PBXResourcesBuildPhase;
			buildActionMask = 2147483647;
			files = (
			);
			runOnlyForDeploymentPostprocessing = 0;
		};
/* End PBXResourcesBuildPhase section */

/* Begin PBXSourcesBuildPhase section */
		495A46262C4EA0410028903A /* Sources */ = {
			isa = PBXSourcesBuildPhase;
			buildActionMask = 2147483647;
			files = (
				495A46382C50DD3F0028903A /* s21_graphValidator.swift in Sources */,
				495A46362C4EA05C0028903A /* s21_graph.swift in Sources */,
			);
			runOnlyForDeploymentPostprocessing = 0;
		};
		495A46432C50DEED0028903A /* Sources */ = {
			isa = PBXSourcesBuildPhase;
			buildActionMask = 2147483647;
			files = (
				495A464A2C50DEED0028903A /* s21_graph_tests.swift in Sources */,
			);
			runOnlyForDeploymentPostprocessing = 0;
		};
/* End PBXSourcesBuildPhase section */

/* Begin PBXTargetDependency section */
		495A464D2C50DEED0028903A /* PBXTargetDependency */ = {
			isa = PBXTargetDependency;
			target = 495A46282C4EA0410028903A /* s21_graph */;
			targetProxy = 495A464C2C50DEED0028903A /* PBXContainerItemProxy */;
		};
/* End PBXTargetDependency section */

/* Begin XCBuildConfiguration section */
		495A46302C4EA0410028903A /* Debug */ = {
			isa = XCBuildConfiguration;
			buildSettings = {
				ALWAYS_SEARCH_USER_PATHS = NO;
				ASSETCATALOG_COMPILER_GENERATE_SWIFT_ASSET_SYMBOL_EXTENSIONS = YES;
				CLANG_ANALYZER_NONNULL = YES;
				CLANG_ANALYZER_NUMBER_OBJECT_CONVERSION = YES_AGGRESSIVE;
				CLANG_CXX_LANGUAGE_STANDARD = "gnu++20";
				CLANG_ENABLE_MODULES = YES;
				CLANG_ENABLE_OBJC_ARC = YES;
				CLANG_ENABLE_OBJC_WEAK = YES;
				CLANG_WARN_BLOCK_CAPTURE_AUTORELEASING = YES;
				CLANG_WARN_BOOL_CONVERSION = YES;
				CLANG_WARN_COMMA = YES;
				CLANG_WARN_CONSTANT_CONVERSION = YES;
				CLANG_WARN_DEPRECATED_OBJC_IMPLEMENTATIONS = YES;
				CLANG_WARN_DIRECT_OBJC_ISA_USAGE = YES_ERROR;
				CLANG_WARN_DOCUMENTATION_COMMENTS = YES;
				CLANG_WARN_EMPTY_BODY = YES;
				CLANG_WARN_ENUM_CONVERSION = YES;
				CLANG_WARN_INFINITE_RECURSION = YES;
				CLANG_WARN_INT_CONVERSION = YES;
				CLANG_WARN_NON_LITERAL_NULL_CONVERSION = YES;
				CLANG_WARN_OBJC_IMPLICIT_RETAIN_SELF = YES;
				CLANG_WARN_OBJC_LITERAL_CONVERSION = YES;
				CLANG_WARN_OBJC_ROOT_CLASS = YES_ERROR;
				CLANG_WARN_QUOTED_INCLUDE_IN_FRAMEWORK_HEADER = YES;
				CLANG_WARN_RANGE_LOOP_ANALYSIS = YES;
				CLANG_WARN_STRICT_PROTOTYPES = YES;
				CLANG_WARN_SUSPICIOUS_MOVE = YES;
				CLANG_WARN_UNGUARDED_AVAILABILITY = YES_AGGRESSIVE;
				CLANG_WARN_UNREACHABLE_CODE = YES;
				CLANG_WARN__DUPLICATE_METHOD_MATCH = YES;
				COPY_PHASE_STRIP = NO;
				DEBUG_INFORMATION_FORMAT = dwarf;
				ENABLE_STRICT_OBJC_MSGSEND = YES;
				ENABLE_TESTABILITY = YES;
				ENABLE_USER_SCRIPT_SANDBOXING = YES;
				GCC_C_LANGUAGE_STANDARD = gnu17;
				GCC_DYNAMIC_NO_PIC = NO;
				GCC_NO_COMMON_BLOCKS = YES;
				GCC_OPTIMIZATION_LEVEL = 0;
				GCC_PREPROCESSOR_DEFINITIONS = (
					"DEBUG=1",
					"$(inherited)",
				);
				GCC_WARN_64_TO_32_BIT_CONVERSION = YES;
				GCC_WARN_ABOUT_RETURN_TYPE = YES_ERROR;
				GCC_WARN_UNDECLARED_SELECTOR = YES;
				GCC_WARN_UNINITIALIZED_AUTOS = YES_AGGRESSIVE;
				GCC_WARN_UNUSED_FUNCTION = YES;
				GCC_WARN_UNUSED_VARIABLE = YES;
				LOCALIZATION_PREFERS_STRING_CATALOGS = YES;
				MACOSX_DEPLOYMENT_TARGET = 13.0;
				MTL_ENABLE_DEBUG_INFO = INCLUDE_SOURCE;
				MTL_FAST_MATH = YES;
				ONLY_ACTIVE_ARCH = YES;
				SDKROOT = macosx;
			};
			name = Debug;
		};
		495A46312C4EA0410028903A /* Release */ = {
			isa = XCBuildConfiguration;
			buildSettings = {
				ALWAYS_SEARCH_USER_PATHS = NO;
				ASSETCATALOG_COMPILER_GENERATE_SWIFT_ASSET_SYMBOL_EXTENSIONS = YES;
				CLANG_ANALYZER_NONNULL = YES;
				CLANG_ANALYZER_NUMBER_OBJECT_CONVERSION = YES_AGGRESSIVE;
				CLANG_CXX_LANGUAGE_STANDARD = "gnu++20";
				CLANG_ENABLE_MODULES = YES;
				CLANG_ENABLE_OBJC_ARC = YES;
				CLANG_ENABLE_OBJC_WEAK = YES;
				CLANG_WARN_BLOCK_CAPTURE_AUTORELEASING = YES;
				CLANG_WARN_BOOL_CONVERSION = YES;
				CLANG_WARN_COMMA = YES;
				CLANG_WARN_CONSTANT_CONVERSION = YES;
				CLANG_WARN_DEPRECATED_OBJC_IMPLEMENTATIONS = YES;
				CLANG_WARN_DIRECT_OBJC_ISA_USAGE = YES_ERROR;
				CLANG_WARN_DOCUMENTATION_COMMENTS = YES;
				CLANG_WARN_EMPTY_BODY = YES;
				CLANG_WARN_ENUM_CONVERSION = YES;
				CLANG_WARN_INFINITE_RECURSION = YES;
				CLANG_WARN_INT_CONVERSION = YES;
				CLANG_WARN_NON_LITERAL_NULL_CONVERSION = YES;
				CLANG_WARN_OBJC_IMPLICIT_RETAIN_SELF = YES;
				CLANG_WARN_OBJC_LITERAL_CONVERSION = YES;
				CLANG_WARN_OBJC_ROOT_CLASS = YES_ERROR;
				CLANG_WARN_QUOTED_INCLUDE_IN_FRAMEWORK_HEADER = YES;
				CLANG_WARN_RANGE_LOOP_ANALYSIS = YES;
				CLANG_WARN_STRICT_PROTOTYPES = YES;
				CLANG_WARN_SUSPICIOUS_MOVE = YES;
				CLANG_WARN_UNGUARDED_AVAILABILITY = YES_AGGRESSIVE;
				CLANG_WARN_UNREACHABLE_CODE = YES;
				CLANG_WARN__DUPLICATE_METHOD_MATCH = YES;
				COPY_PHASE_STRIP = NO;
				DEBUG_INFORMATION_FORMAT = "dwarf-with-dsym";
				ENABLE_NS_ASSERTIONS = NO;
				ENABLE_STRICT_OBJC_MSGSEND = YES;
				ENABLE_USER_SCRIPT_SANDBOXING = YES;
				GCC_C_LANGUAGE_STANDARD = gnu17;
				GCC_NO_COMMON_BLOCKS = YES;
				GCC_WARN_64_TO_32_BIT_CONVERSION = YES;
				GCC_WARN_ABOUT_RETURN_TYPE = YES_ERROR;
				GCC_WARN_UNDECLARED_SELECTOR = YES;
				GCC_WARN_UNINITIALIZED_AUTOS = YES_AGGRESSIVE;
				GCC_WARN_UNUSED_FUNCTION = YES;
				GCC_WARN_UNUSED_VARIABLE = YES;
				LOCALIZATION_PREFERS_STRING_CATALOGS = YES;
				MACOSX_DEPLOYMENT_TARGET = 13.0;
				MTL_ENABLE_DEBUG_INFO = NO;
				MTL_FAST_MATH = YES;
				SDKROOT = macosx;
			};
			name = Release;
		};
		495A46332C4EA0410028903A /* Debug */ = {
			isa = XCBuildConfiguration;
			buildSettings = {
				CLANG_ENABLE_MODULES = YES;
				CODE_SIGN_STYLE = Automatic;
				EXECUTABLE_PREFIX = lib;
				PRODUCT_NAME = "$(TARGET_NAME)";
				SKIP_INSTALL = YES;
				SWIFT_OPTIMIZATION_LEVEL = "-Onone";
				SWIFT_VERSION = 5.0;
			};
			name = Debug;
		};
		495A46342C4EA0410028903A /* Release */ = {
			isa = XCBuildConfiguration;
			buildSettings = {
				CLANG_ENABLE_MODULES = YES;
				CODE_SIGN_STYLE = Automatic;
				EXECUTABLE_PREFIX = lib;
				PRODUCT_NAME = "$(TARGET_NAME)";
				SKIP_INSTALL = YES;
				SWIFT_VERSION = 5.0;
			};
			name = Release;
		};
		495A464E2C50DEED0028903A /* Debug */ = {
			isa = XCBuildConfiguration;
			buildSettings = {
				CODE_SIGN_STYLE = Automatic;
				CURRENT_PROJECT_VERSION = 1;
				GENERATE_INFOPLIST_FILE = YES;
				MACOSX_DEPLOYMENT_TARGET = 14.5;
				MARKETING_VERSION = 1.0;
				PRODUCT_BUNDLE_IDENTIFIER = "com.ak.s21-graph-tests";
				PRODUCT_NAME = "$(TARGET_NAME)";
				SWIFT_ACTIVE_COMPILATION_CONDITIONS = "DEBUG $(inherited)";
				SWIFT_EMIT_LOC_STRINGS = NO;
				SWIFT_OPTIMIZATION_LEVEL = "-Onone";
				SWIFT_VERSION = 5.0;
			};
			name = Debug;
		};
		495A464F2C50DEED0028903A /* Release */ = {
			isa = XCBuildConfiguration;
			buildSettings = {
				CODE_SIGN_STYLE = Automatic;
				CURRENT_PROJECT_VERSION = 1;
				GENERATE_INFOPLIST_FILE = YES;
				MACOSX_DEPLOYMENT_TARGET = 14.5;
				MARKETING_VERSION = 1.0;
				PRODUCT_BUNDLE_IDENTIFIER = "com.ak.s21-graph-tests";
				PRODUCT_NAME = "$(TARGET_NAME)";
				SWIFT_COMPILATION_MODE = wholemodule;
				SWIFT_EMIT_LOC_STRINGS = NO;
				SWIFT_VERSION = 5.0;
			};
			name = Release;
		};
/* End XCBuildConfiguration section */

/* Begin XCConfigurationList section */
		495A46242C4EA0410028903A /* Build configuration list for PBXProject "s21_graph" */ = {
			isa = XCConfigurationList;
			buildConfigurations = (
				495A46302C4EA0410028903A /* Debug */,
				495A46312C4EA0410028903A /* Release */,
			);
			defaultConfigurationIsVisible = 0;
			defaultConfigurationName = Release;
		};
		495A46322C4EA0410028903A /* Build configuration list for PBXNativeTarget "s21_graph" */ = {
			isa = XCConfigurationList;
			buildConfigurations = (
				495A46332C4EA0410028903A /* Debug */,
				495A46342C4EA0410028903A /* Release */,
			);
			defaultConfigurationIsVisible = 0;
			defaultConfigurationName = Release;
		};
		495A46502C50DEED0028903A /* Build configuration list for PBXNativeTarget "s21_graph_tests" */ = {
			isa = XCConfigurationList;
			buildConfigurations = (
				495A464E2C50DEED0028903A /* Debug */,
				495A464F2C50DEED0028903A /* Release */,
			);
			defaultConfigurationIsVisible = 0;
			defaultConfigurationName = Release;
		};
/* End XCConfigurationList section */
	};
	rootObject = 495A46212C4EA0410028903A /* Project object */;
}
