// !$*UTF8*$!
{
	archiveVersion = 1;
	classes = {
	};
	objectVersion = 56;
	objects = {

/* Begin PBXBuildFile section */
		491CA89A2C03328800FA1743 /* main.swift in Sources */ = {isa = PBXBuildFile; fileRef = 491CA8992C03328800FA1743 /* main.swift */; };
		495A461B2C4E940D0028903A /* libs21_graph_algorithms.a in Frameworks */ = {isa = PBXBuildFile; fileRef = 495A461A2C4E940D0028903A /* libs21_graph_algorithms.a */; };
		495A461F2C4E95670028903A /* libs21_graph.a in Frameworks */ = {isa = PBXBuildFile; fileRef = 495A461E2C4E95670028903A /* libs21_graph.a */; };
		92FF62032C206AC700C22E92 /* GraphAlgorithmsTests.swift in Sources */ = {isa = PBXBuildFile; fileRef = 92FF62022C206AC700C22E92 /* GraphAlgorithmsTests.swift */; };
/* End PBXBuildFile section */

/* Begin PBXCopyFilesBuildPhase section */
		491CA8942C03328800FA1743 /* CopyFiles */ = {
			isa = PBXCopyFilesBuildPhase;
			buildActionMask = 2147483647;
			dstPath = /usr/share/man/man1/;
			dstSubfolderSpec = 0;
			files = (
			);
			runOnlyForDeploymentPostprocessing = 1;
		};
/* End PBXCopyFilesBuildPhase section */

/* Begin PBXFileReference section */
		491CA8962C03328800FA1743 /* A2_SimpleNavigator_Swift */ = {isa = PBXFileReference; explicitFileType = "compiled.mach-o.executable"; includeInIndex = 0; path = A2_SimpleNavigator_Swift; sourceTree = BUILT_PRODUCTS_DIR; };
		491CA8992C03328800FA1743 /* main.swift */ = {isa = PBXFileReference; lastKnownFileType = sourcecode.swift; path = main.swift; sourceTree = "<group>"; };
		495A461A2C4E940D0028903A /* libs21_graph_algorithms.a */ = {isa = PBXFileReference; lastKnownFileType = archive.ar; path = libs21_graph_algorithms.a; sourceTree = "<group>"; };
		495A461E2C4E95670028903A /* libs21_graph.a */ = {isa = PBXFileReference; lastKnownFileType = archive.ar; path = libs21_graph.a; sourceTree = "<group>"; };
		92FF62002C206AC700C22E92 /* GraphTests.xctest */ = {isa = PBXFileReference; explicitFileType = wrapper.cfbundle; includeInIndex = 0; path = GraphTests.xctest; sourceTree = BUILT_PRODUCTS_DIR; };
		92FF62022C206AC700C22E92 /* GraphAlgorithmsTests.swift */ = {isa = PBXFileReference; lastKnownFileType = sourcecode.swift; path = GraphAlgorithmsTests.swift; sourceTree = "<group>"; };
/* End PBXFileReference section */

/* Begin PBXFrameworksBuildPhase section */
		491CA8932C03328800FA1743 /* Frameworks */ = {
			isa = PBXFrameworksBuildPhase;
			buildActionMask = 2147483647;
			files = (
				495A461F2C4E95670028903A /* libs21_graph.a in Frameworks */,
				495A461B2C4E940D0028903A /* libs21_graph_algorithms.a in Frameworks */,
			);
			runOnlyForDeploymentPostprocessing = 0;
		};
		92FF61FD2C206AC700C22E92 /* Frameworks */ = {
			isa = PBXFrameworksBuildPhase;
			buildActionMask = 2147483647;
			files = (
			);
			runOnlyForDeploymentPostprocessing = 0;
		};
/* End PBXFrameworksBuildPhase section */

/* Begin PBXGroup section */
		491CA88D2C03328800FA1743 = {
			isa = PBXGroup;
			children = (
				491CA8982C03328800FA1743 /* A2_SimpleNavigator_Swift */,
				92FF62012C206AC700C22E92 /* GraphTests */,
				491CA8972C03328800FA1743 /* Products */,
				495A46192C4E940D0028903A /* Frameworks */,
			);
			sourceTree = "<group>";
		};
		491CA8972C03328800FA1743 /* Products */ = {
			isa = PBXGroup;
			children = (
				491CA8962C03328800FA1743 /* A2_SimpleNavigator_Swift */,
				92FF62002C206AC700C22E92 /* GraphTests.xctest */,
			);
			name = Products;
			sourceTree = "<group>";
		};
		491CA8982C03328800FA1743 /* A2_SimpleNavigator_Swift */ = {
			isa = PBXGroup;
			children = (
				491CA8992C03328800FA1743 /* main.swift */,
			);
			path = A2_SimpleNavigator_Swift;
			sourceTree = "<group>";
		};
		495A46192C4E940D0028903A /* Frameworks */ = {
			isa = PBXGroup;
			children = (
				495A461E2C4E95670028903A /* libs21_graph.a */,
				495A461A2C4E940D0028903A /* libs21_graph_algorithms.a */,
			);
			name = Frameworks;
			sourceTree = "<group>";
		};
		92FF62012C206AC700C22E92 /* GraphTests */ = {
			isa = PBXGroup;
			children = (
				92FF62022C206AC700C22E92 /* GraphAlgorithmsTests.swift */,
			);
			path = GraphTests;
			sourceTree = "<group>";
		};
/* End PBXGroup section */

/* Begin PBXNativeTarget section */
		491CA8952C03328800FA1743 /* A2_SimpleNavigator_Swift */ = {
			isa = PBXNativeTarget;
			buildConfigurationList = 491CA89D2C03328800FA1743 /* Build configuration list for PBXNativeTarget "A2_SimpleNavigator_Swift" */;
			buildPhases = (
				491CA8922C03328800FA1743 /* Sources */,
				491CA8932C03328800FA1743 /* Frameworks */,
				491CA8942C03328800FA1743 /* CopyFiles */,
			);
			buildRules = (
			);
			dependencies = (
			);
			name = A2_SimpleNavigator_Swift;
			productName = A2_SimpleNavigator_Swift;
			productReference = 491CA8962C03328800FA1743 /* A2_SimpleNavigator_Swift */;
			productType = "com.apple.product-type.tool";
		};
		92FF61FF2C206AC700C22E92 /* GraphTests */ = {
			isa = PBXNativeTarget;
			buildConfigurationList = 92FF62042C206AC700C22E92 /* Build configuration list for PBXNativeTarget "GraphTests" */;
			buildPhases = (
				92FF61FC2C206AC700C22E92 /* Sources */,
				92FF61FD2C206AC700C22E92 /* Frameworks */,
				92FF61FE2C206AC700C22E92 /* Resources */,
			);
			buildRules = (
			);
			dependencies = (
			);
			name = GraphTests;
			productName = GraphTests;
			productReference = 92FF62002C206AC700C22E92 /* GraphTests.xctest */;
			productType = "com.apple.product-type.bundle.unit-test";
		};
/* End PBXNativeTarget section */

/* Begin PBXProject section */
		491CA88E2C03328800FA1743 /* Project object */ = {
			isa = PBXProject;
			attributes = {
				BuildIndependentTargetsInParallel = 1;
				LastSwiftUpdateCheck = 1540;
				LastUpgradeCheck = 1540;
				TargetAttributes = {
					491CA8952C03328800FA1743 = {
						CreatedOnToolsVersion = 15.4;
					};
					92FF61FF2C206AC700C22E92 = {
						CreatedOnToolsVersion = 15.4;
					};
				};
			};
			buildConfigurationList = 491CA8912C03328800FA1743 /* Build configuration list for PBXProject "A2_SimpleNavigator_Swift" */;
			compatibilityVersion = "Xcode 14.0";
			developmentRegion = en;
			hasScannedForEncodings = 0;
			knownRegions = (
				en,
				Base,
			);
			mainGroup = 491CA88D2C03328800FA1743;
			productRefGroup = 491CA8972C03328800FA1743 /* Products */;
			projectDirPath = "";
			projectRoot = "";
			targets = (
				491CA8952C03328800FA1743 /* A2_SimpleNavigator_Swift */,
				92FF61FF2C206AC700C22E92 /* GraphTests */,
			);
		};
/* End PBXProject section */

/* Begin PBXResourcesBuildPhase section */
		92FF61FE2C206AC700C22E92 /* Resources */ = {
			isa = PBXResourcesBuildPhase;
			buildActionMask = 2147483647;
			files = (
			);
			runOnlyForDeploymentPostprocessing = 0;
		};
/* End PBXResourcesBuildPhase section */

/* Begin PBXSourcesBuildPhase section */
		491CA8922C03328800FA1743 /* Sources */ = {
			isa = PBXSourcesBuildPhase;
			buildActionMask = 2147483647;
			files = (
				491CA89A2C03328800FA1743 /* main.swift in Sources */,
			);
			runOnlyForDeploymentPostprocessing = 0;
		};
		92FF61FC2C206AC700C22E92 /* Sources */ = {
			isa = PBXSourcesBuildPhase;
			buildActionMask = 2147483647;
			files = (
				92FF62032C206AC700C22E92 /* GraphAlgorithmsTests.swift in Sources */,
			);
			runOnlyForDeploymentPostprocessing = 0;
		};
/* End PBXSourcesBuildPhase section */

/* Begin XCBuildConfiguration section */
		491CA89B2C03328800FA1743 /* Debug */ = {
			isa = XCBuildConfiguration;
			buildSettings = {
				ALWAYS_SEARCH_USER_PATHS = NO;
				ASSETCATALOG_COMPILER_GENERATE_SWIFT_ASSET_SYMBOL_EXTENSIONS = YES;
				CLANG_ANALYZER_NONNULL = YES;
				CLANG_ANALYZER_NUMBER_OBJECT_CONVERSION = YES_AGGRESSIVE;
				CLANG_CXX_LANGUAGE_STANDARD = "gnu++20";
				CLANG_ENABLE_MODULES = YES;
				CLANG_ENABLE_OBJC_ARC = YES;
				CLANG_ENABLE_OBJC_WEAK = YES;
				CLANG_WARN_BLOCK_CAPTURE_AUTORELEASING = YES;
				CLANG_WARN_BOOL_CONVERSION = YES;
				CLANG_WARN_COMMA = YES;
				CLANG_WARN_CONSTANT_CONVERSION = YES;
				CLANG_WARN_DEPRECATED_OBJC_IMPLEMENTATIONS = YES;
				CLANG_WARN_DIRECT_OBJC_ISA_USAGE = YES_ERROR;
				CLANG_WARN_DOCUMENTATION_COMMENTS = YES;
				CLANG_WARN_EMPTY_BODY = YES;
				CLANG_WARN_ENUM_CONVERSION = YES;
				CLANG_WARN_INFINITE_RECURSION = YES;
				CLANG_WARN_INT_CONVERSION = YES;
				CLANG_WARN_NON_LITERAL_NULL_CONVERSION = YES;
				CLANG_WARN_OBJC_IMPLICIT_RETAIN_SELF = YES;
				CLANG_WARN_OBJC_LITERAL_CONVERSION = YES;
				CLANG_WARN_OBJC_ROOT_CLASS = YES_ERROR;
				CLANG_WARN_QUOTED_INCLUDE_IN_FRAMEWORK_HEADER = YES;
				CLANG_WARN_RANGE_LOOP_ANALYSIS = YES;
				CLANG_WARN_STRICT_PROTOTYPES = YES;
				CLANG_WARN_SUSPICIOUS_MOVE = YES;
				CLANG_WARN_UNGUARDED_AVAILABILITY = YES_AGGRESSIVE;
				CLANG_WARN_UNREACHABLE_CODE = YES;
				CLANG_WARN__DUPLICATE_METHOD_MATCH = YES;
				COPY_PHASE_STRIP = NO;
				DEBUG_INFORMATION_FORMAT = dwarf;
				ENABLE_STRICT_OBJC_MSGSEND = YES;
				ENABLE_TESTABILITY = YES;
				ENABLE_USER_SCRIPT_SANDBOXING = YES;
				GCC_C_LANGUAGE_STANDARD = gnu17;
				GCC_DYNAMIC_NO_PIC = NO;
				GCC_NO_COMMON_BLOCKS = YES;
				GCC_OPTIMIZATION_LEVEL = 0;
				GCC_PREPROCESSOR_DEFINITIONS = (
					"DEBUG=1",
					"$(inherited)",
				);
				GCC_WARN_64_TO_32_BIT_CONVERSION = YES;
				GCC_WARN_ABOUT_RETURN_TYPE = YES_ERROR;
				GCC_WARN_UNDECLARED_SELECTOR = YES;
				GCC_WARN_UNINITIALIZED_AUTOS = YES_AGGRESSIVE;
				GCC_WARN_UNUSED_FUNCTION = YES;
				GCC_WARN_UNUSED_VARIABLE = YES;
				LOCALIZATION_PREFERS_STRING_CATALOGS = YES;
				MACOSX_DEPLOYMENT_TARGET = 13.0;
				MTL_ENABLE_DEBUG_INFO = INCLUDE_SOURCE;
				MTL_FAST_MATH = YES;
				ONLY_ACTIVE_ARCH = YES;
				SDKROOT = macosx;
				SWIFT_ACTIVE_COMPILATION_CONDITIONS = "DEBUG $(inherited)";
				SWIFT_OPTIMIZATION_LEVEL = "-Onone";
			};
			name = Debug;
		};
		491CA89C2C03328800FA1743 /* Release */ = {
			isa = XCBuildConfiguration;
			buildSettings = {
				ALWAYS_SEARCH_USER_PATHS = NO;
				ASSETCATALOG_COMPILER_GENERATE_SWIFT_ASSET_SYMBOL_EXTENSIONS = YES;
				CLANG_ANALYZER_NONNULL = YES;
				CLANG_ANALYZER_NUMBER_OBJECT_CONVERSION = YES_AGGRESSIVE;
				CLANG_CXX_LANGUAGE_STANDARD = "gnu++20";
				CLANG_ENABLE_MODULES = YES;
				CLANG_ENABLE_OBJC_ARC = YES;
				CLANG_ENABLE_OBJC_WEAK = YES;
				CLANG_WARN_BLOCK_CAPTURE_AUTORELEASING = YES;
				CLANG_WARN_BOOL_CONVERSION = YES;
				CLANG_WARN_COMMA = YES;
				CLANG_WARN_CONSTANT_CONVERSION = YES;
				CLANG_WARN_DEPRECATED_OBJC_IMPLEMENTATIONS = YES;
				CLANG_WARN_DIRECT_OBJC_ISA_USAGE = YES_ERROR;
				CLANG_WARN_DOCUMENTATION_COMMENTS = YES;
				CLANG_WARN_EMPTY_BODY = YES;
				CLANG_WARN_ENUM_CONVERSION = YES;
				CLANG_WARN_INFINITE_RECURSION = YES;
				CLANG_WARN_INT_CONVERSION = YES;
				CLANG_WARN_NON_LITERAL_NULL_CONVERSION = YES;
				CLANG_WARN_OBJC_IMPLICIT_RETAIN_SELF = YES;
				CLANG_WARN_OBJC_LITERAL_CONVERSION = YES;
				CLANG_WARN_OBJC_ROOT_CLASS = YES_ERROR;
				CLANG_WARN_QUOTED_INCLUDE_IN_FRAMEWORK_HEADER = YES;
				CLANG_WARN_RANGE_LOOP_ANALYSIS = YES;
				CLANG_WARN_STRICT_PROTOTYPES = YES;
				CLANG_WARN_SUSPICIOUS_MOVE = YES;
				CLANG_WARN_UNGUARDED_AVAILABILITY = YES_AGGRESSIVE;
				CLANG_WARN_UNREACHABLE_CODE = YES;
				CLANG_WARN__DUPLICATE_METHOD_MATCH = YES;
				COPY_PHASE_STRIP = NO;
				DEBUG_INFORMATION_FORMAT = "dwarf-with-dsym";
				ENABLE_NS_ASSERTIONS = NO;
				ENABLE_STRICT_OBJC_MSGSEND = YES;
				ENABLE_USER_SCRIPT_SANDBOXING = YES;
				GCC_C_LANGUAGE_STANDARD = gnu17;
				GCC_NO_COMMON_BLOCKS = YES;
				GCC_WARN_64_TO_32_BIT_CONVERSION = YES;
				GCC_WARN_ABOUT_RETURN_TYPE = YES_ERROR;
				GCC_WARN_UNDECLARED_SELECTOR = YES;
				GCC_WARN_UNINITIALIZED_AUTOS = YES_AGGRESSIVE;
				GCC_WARN_UNUSED_FUNCTION = YES;
				GCC_WARN_UNUSED_VARIABLE = YES;
				LOCALIZATION_PREFERS_STRING_CATALOGS = YES;
				MACOSX_DEPLOYMENT_TARGET = 13.0;
				MTL_ENABLE_DEBUG_INFO = NO;
				MTL_FAST_MATH = YES;
				SDKROOT = macosx;
				SWIFT_COMPILATION_MODE = wholemodule;
			};
			name = Release;
		};
		491CA89E2C03328800FA1743 /* Debug */ = {
			isa = XCBuildConfiguration;
			buildSettings = {
				CODE_SIGN_STYLE = Automatic;
				LIBRARY_SEARCH_PATHS = (
					"$(inherited)",
					"$(PROJECT_DIR)",
				);
				ON_DEMAND_RESOURCES_INITIAL_INSTALL_TAGS = "";
				PRODUCT_NAME = "$(TARGET_NAME)";
				SWIFT_INCLUDE_PATHS = "$(PROJECT_DIR)";
				SWIFT_VERSION = 5.0;
			};
			name = Debug;
		};
		491CA89F2C03328800FA1743 /* Release */ = {
			isa = XCBuildConfiguration;
			buildSettings = {
				CODE_SIGN_STYLE = Automatic;
				LIBRARY_SEARCH_PATHS = (
					"$(inherited)",
					"$(PROJECT_DIR)",
				);
				ON_DEMAND_RESOURCES_INITIAL_INSTALL_TAGS = "";
				PRODUCT_NAME = "$(TARGET_NAME)";
				SWIFT_INCLUDE_PATHS = "$(PROJECT_DIR)";
				SWIFT_VERSION = 5.0;
			};
			name = Release;
		};
		92FF62052C206AC700C22E92 /* Debug */ = {
			isa = XCBuildConfiguration;
			buildSettings = {
				CODE_SIGN_STYLE = Automatic;
				CURRENT_PROJECT_VERSION = 1;
				GENERATE_INFOPLIST_FILE = YES;
				MACOSX_DEPLOYMENT_TARGET = 14.4;
				MARKETING_VERSION = 1.0;
				PRODUCT_BUNDLE_IDENTIFIER = School21.GraphTests;
				PRODUCT_NAME = "$(TARGET_NAME)";
				SWIFT_EMIT_LOC_STRINGS = NO;
				SWIFT_VERSION = 5.0;
			};
			name = Debug;
		};
		92FF62062C206AC700C22E92 /* Release */ = {
			isa = XCBuildConfiguration;
			buildSettings = {
				CODE_SIGN_STYLE = Automatic;
				CURRENT_PROJECT_VERSION = 1;
				GENERATE_INFOPLIST_FILE = YES;
				MACOSX_DEPLOYMENT_TARGET = 14.4;
				MARKETING_VERSION = 1.0;
				PRODUCT_BUNDLE_IDENTIFIER = School21.GraphTests;
				PRODUCT_NAME = "$(TARGET_NAME)";
				SWIFT_EMIT_LOC_STRINGS = NO;
				SWIFT_VERSION = 5.0;
			};
			name = Release;
		};
/* End XCBuildConfiguration section */

/* Begin XCConfigurationList section */
		491CA8912C03328800FA1743 /* Build configuration list for PBXProject "A2_SimpleNavigator_Swift" */ = {
			isa = XCConfigurationList;
			buildConfigurations = (
				491CA89B2C03328800FA1743 /* Debug */,
				491CA89C2C03328800FA1743 /* Release */,
			);
			defaultConfigurationIsVisible = 0;
			defaultConfigurationName = Release;
		};
		491CA89D2C03328800FA1743 /* Build configuration list for PBXNativeTarget "A2_SimpleNavigator_Swift" */ = {
			isa = XCConfigurationList;
			buildConfigurations = (
				491CA89E2C03328800FA1743 /* Debug */,
				491CA89F2C03328800FA1743 /* Release */,
			);
			defaultConfigurationIsVisible = 0;
			defaultConfigurationName = Release;
		};
		92FF62042C206AC700C22E92 /* Build configuration list for PBXNativeTarget "GraphTests" */ = {
			isa = XCConfigurationList;
			buildConfigurations = (
				92FF62052C206AC700C22E92 /* Debug */,
				92FF62062C206AC700C22E92 /* Release */,
			);
			defaultConfigurationIsVisible = 0;
			defaultConfigurationName = Release;
		};
/* End XCConfigurationList section */
	};
	rootObject = 491CA88E2C03328800FA1743 /* Project object */;
}
